
Microsoft Visual Studio Solution File, Format Version 12.00
# Visual Studio Version 17
VisualStudioVersion = 17.2.32519.379
MinimumVisualStudioVersion = 10.0.40219.1
Project("{FAE04EC0-301F-11D3-BF4B-00C04F79EFBC}") = "AccessDBExport", "AccessDBExport\AccessDBExport.csproj", "{F672E325-B2A0-4BBB-B65C-FF2DD697845D}"
EndProject
Global
	GlobalSection(SolutionConfigurationPlatforms) = preSolution
		Debug|Any CPU = Debug|Any CPU
		Release|Any CPU = Release|Any CPU
	EndGlobalSection
	GlobalSection(ProjectConfigurationPlatforms) = postSolution
		{F672E325-B2A0-4BBB-B65C-FF2DD697845D}.Debug|Any CPU.ActiveCfg = Debug|Any CPU
		{F672E325-B2A0-4BBB-B65C-FF2DD697845D}.Debug|Any CPU.Build.0 = Debug|Any CPU
		{F672E325-B2A0-4BBB-B65C-FF2DD697845D}.Release|Any CPU.ActiveCfg = Release|Any CPU
		{F672E325-B2A0-4BBB-B65C-FF2DD697845D}.Release|Any CPU.Build.0 = Release|Any CPU
	EndGlobalSection
	GlobalSection(SolutionProperties) = preSolution
		HideSolutionNode = FALSE
	EndGlobalSection
	GlobalSection(ExtensibilityGlobals) = postSolution
		SolutionGuid = {B32FDA97-AA16-4448-B644-49D20B849A05}
	EndGlobalSection
EndGlobal
